// !$*UTF8*$!
{
	archiveVersion = 1;
	classes = {
	};
	objectVersion = 50;
	objects = {

/* Begin PBXBuildFile section */
		59530566230FD3BF00D70696 /* Assets.xcassets in Resources */ = {isa = PBXBuildFile; fileRef = 59530561230FD3B400D70696 /* Assets.xcassets */; };
		5986D50E22B3A06300688AAC /* AppDelegate.swift in Sources */ = {isa = PBXBuildFile; fileRef = 5986D50D22B3A06300688AAC /* AppDelegate.swift */; };
		5986D51022B3A06300688AAC /* SceneDelegate.swift in Sources */ = {isa = PBXBuildFile; fileRef = 5986D50F22B3A06300688AAC /* SceneDelegate.swift */; };
		5986D51222B3A06300688AAC /* ContentView.swift in Sources */ = {isa = PBXBuildFile; fileRef = 5986D51122B3A06300688AAC /* ContentView.swift */; };
		5986D51722B3A06A00688AAC /* Preview Assets.xcassets in Resources */ = {isa = PBXBuildFile; fileRef = 5986D51622B3A06A00688AAC /* Preview Assets.xcassets */; };
		5986D51A22B3A06A00688AAC /* LaunchScreen.storyboard in Resources */ = {isa = PBXBuildFile; fileRef = 5986D51822B3A06A00688AAC /* LaunchScreen.storyboard */; };
/* End PBXBuildFile section */

/* Begin PBXFileReference section */
		59530561230FD3B400D70696 /* Assets.xcassets */ = {isa = PBXFileReference; lastKnownFileType = folder.assetcatalog; path = Assets.xcassets; sourceTree = "<group>"; };
		5986D50A22B3A06300688AAC /* FBGroupSwiftUI.app */ = {isa = PBXFileReference; explicitFileType = wrapper.application; includeInIndex = 0; path = FBGroupSwiftUI.app; sourceTree = BUILT_PRODUCTS_DIR; };
		5986D50D22B3A06300688AAC /* AppDelegate.swift */ = {isa = PBXFileReference; lastKnownFileType = sourcecode.swift; path = AppDelegate.swift; sourceTree = "<group>"; };
		5986D50F22B3A06300688AAC /* SceneDelegate.swift */ = {isa = PBXFileReference; lastKnownFileType = sourcecode.swift; path = SceneDelegate.swift; sourceTree = "<group>"; };
		5986D51122B3A06300688AAC /* ContentView.swift */ = {isa = PBXFileReference; lastKnownFileType = sourcecode.swift; path = ContentView.swift; sourceTree = "<group>"; };
		5986D51622B3A06A00688AAC /* Preview Assets.xcassets */ = {isa = PBXFileReference; lastKnownFileType = folder.assetcatalog; path = "Preview Assets.xcassets"; sourceTree = "<group>"; };
		5986D51922B3A06A00688AAC /* Base */ = {isa = PBXFileReference; lastKnownFileType = file.storyboard; name = Base; path = Base.lproj/LaunchScreen.storyboard; sourceTree = "<group>"; };
		5986D51B22B3A06A00688AAC /* Info.plist */ = {isa = PBXFileReference; lastKnownFileType = text.plist.xml; path = Info.plist; sourceTree = "<group>"; };
/* End PBXFileReference section */

/* Begin PBXFrameworksBuildPhase section */
		5986D50722B3A06300688AAC /* Frameworks */ = {
			isa = PBXFrameworksBuildPhase;
			buildActionMask = 2147483647;
			files = (
			);
			runOnlyForDeploymentPostprocessing = 0;
		};
/* End PBXFrameworksBuildPhase section */

/* Begin PBXGroup section */
		5986D50122B3A06300688AAC = {
			isa = PBXGroup;
			children = (
				5986D50C22B3A06300688AAC /* FBGroupSwiftUI */,
				5986D50B22B3A06300688AAC /* Products */,
			);
			sourceTree = "<group>";
		};
		5986D50B22B3A06300688AAC /* Products */ = {
			isa = PBXGroup;
			children = (
				5986D50A22B3A06300688AAC /* FBGroupSwiftUI.app */,
			);
			name = Products;
			sourceTree = "<group>";
		};
		5986D50C22B3A06300688AAC /* FBGroupSwiftUI */ = {
			isa = PBXGroup;
			children = (
				59530561230FD3B400D70696 /* Assets.xcassets */,
				5986D50D22B3A06300688AAC /* AppDelegate.swift */,
				5986D50F22B3A06300688AAC /* SceneDelegate.swift */,
				5986D51122B3A06300688AAC /* ContentView.swift */,
				5986D51822B3A06A00688AAC /* LaunchScreen.storyboard */,
				5986D51B22B3A06A00688AAC /* Info.plist */,
				5986D51522B3A06A00688AAC /* Preview Content */,
			);
			path = FBGroupSwiftUI;
			sourceTree = "<group>";
		};
		5986D51522B3A06A00688AAC /* Preview Content */ = {
			isa = PBXGroup;
			children = (
				5986D51622B3A06A00688AAC /* Preview Assets.xcassets */,
			);
			path = "Preview Content";
			sourceTree = "<group>";
		};
/* End PBXGroup section */

/* Begin PBXNativeTarget section */
		5986D50922B3A06300688AAC /* FBGroupSwiftUI */ = {
			isa = PBXNativeTarget;
			buildConfigurationList = 5986D51E22B3A06A00688AAC /* Build configuration list for PBXNativeTarget "FBGroupSwiftUI" */;
			buildPhases = (
				5986D50622B3A06300688AAC /* Sources */,
				5986D50722B3A06300688AAC /* Frameworks */,
				5986D50822B3A06300688AAC /* Resources */,
			);
			buildRules = (
			);
			dependencies = (
			);
			name = FBGroupSwiftUI;
			productName = FBGroupSwiftUI;
			productReference = 5986D50A22B3A06300688AAC /* FBGroupSwiftUI.app */;
			productType = "com.apple.product-type.application";
		};
/* End PBXNativeTarget section */

/* Begin PBXProject section */
		5986D50222B3A06300688AAC /* Project object */ = {
			isa = PBXProject;
			attributes = {
				LastSwiftUpdateCheck = 1100;
				LastUpgradeCheck = 1100;
				ORGANIZATIONNAME = "Gati Shah";
				TargetAttributes = {
					5986D50922B3A06300688AAC = {
						CreatedOnToolsVersion = 11.0;
					};
				};
			};
			buildConfigurationList = 5986D50522B3A06300688AAC /* Build configuration list for PBXProject "FBGroupSwiftUI" */;
			compatibilityVersion = "Xcode 9.3";
			developmentRegion = en;
			hasScannedForEncodings = 0;
			knownRegions = (
				en,
				Base,
			);
			mainGroup = 5986D50122B3A06300688AAC;
			productRefGroup = 5986D50B22B3A06300688AAC /* Products */;
			projectDirPath = "";
			projectRoot = "";
			targets = (
				5986D50922B3A06300688AAC /* FBGroupSwiftUI */,
			);
		};
/* End PBXProject section */

/* Begin PBXResourcesBuildPhase section */
		5986D50822B3A06300688AAC /* Resources */ = {
			isa = PBXResourcesBuildPhase;
			buildActionMask = 2147483647;
			files = (
				5986D51A22B3A06A00688AAC /* LaunchScreen.storyboard in Resources */,
				59530566230FD3BF00D70696 /* Assets.xcassets in Resources */,
				5986D51722B3A06A00688AAC /* Preview Assets.xcassets in Resources */,
			);
			runOnlyForDeploymentPostprocessing = 0;
		};
/* End PBXResourcesBuildPhase section */

/* Begin PBXSourcesBuildPhase section */
		5986D50622B3A06300688AAC /* Sources */ = {
			isa = PBXSourcesBuildPhase;
			buildActionMask = 2147483647;
			files = (
				5986D50E22B3A06300688AAC /* AppDelegate.swift in Sources */,
				5986D51022B3A06300688AAC /* SceneDelegate.swift in Sources */,
				5986D51222B3A06300688AAC /* ContentView.swift in Sources */,
			);
			runOnlyForDeploymentPostprocessing = 0;
		};
/* End PBXSourcesBuildPhase section */

/* Begin PBXVariantGroup section */
		5986D51822B3A06A00688AAC /* LaunchScreen.storyboard */ = {
			isa = PBXVariantGroup;
			children = (
				5986D51922B3A06A00688AAC /* Base */,
			);
			name = LaunchScreen.storyboard;
			sourceTree = "<group>";
		};
/* End PBXVariantGroup section */

/* Begin XCBuildConfiguration section */
		5986D51C22B3A06A00688AAC /* Debug */ = {
			isa = XCBuildConfiguration;
			buildSettings = {
				ALWAYS_SEARCH_USER_PATHS = NO;
				CLANG_ANALYZER_NONNULL = YES;
				CLANG_ANALYZER_NUMBER_OBJECT_CONVERSION = YES_AGGRESSIVE;
				CLANG_CXX_LANGUAGE_STANDARD = "gnu++14";
				CLANG_CXX_LIBRARY = "libc++";
				CLANG_ENABLE_MODULES = YES;
				CLANG_ENABLE_OBJC_ARC = YES;
				CLANG_ENABLE_OBJC_WEAK = YES;
				CLANG_WARN_BLOCK_CAPTURE_AUTORELEASING = YES;
				CLANG_WARN_BOOL_CONVERSION = YES;
				CLANG_WARN_COMMA = YES;
				CLANG_WARN_CONSTANT_CONVERSION = YES;
				CLANG_WARN_DEPRECATED_OBJC_IMPLEMENTATIONS = YES;
				CLANG_WARN_DIRECT_OBJC_ISA_USAGE = YES_ERROR;
				CLANG_WARN_DOCUMENTATION_COMMENTS = YES;
				CLANG_WARN_EMPTY_BODY = YES;
				CLANG_WARN_ENUM_CONVERSION = YES;
				CLANG_WARN_INFINITE_RECURSION = YES;
				CLANG_WARN_INT_CONVERSION = YES;
				CLANG_WARN_NON_LITERAL_NULL_CONVERSION = YES;
				CLANG_WARN_OBJC_IMPLICIT_RETAIN_SELF = YES;
				CLANG_WARN_OBJC_LITERAL_CONVERSION = YES;
				CLANG_WARN_OBJC_ROOT_CLASS = YES_ERROR;
				CLANG_WARN_RANGE_LOOP_ANALYSIS = YES;
				CLANG_WARN_STRICT_PROTOTYPES = YES;
				CLANG_WARN_SUSPICIOUS_MOVE = YES;
				CLANG_WARN_UNGUARDED_AVAILABILITY = YES_AGGRESSIVE;
				CLANG_WARN_UNREACHABLE_CODE = YES;
				CLANG_WARN__DUPLICATE_METHOD_MATCH = YES;
				COPY_PHASE_STRIP = NO;
				DEBUG_INFORMATION_FORMAT = dwarf;
				ENABLE_STRICT_OBJC_MSGSEND = YES;
				ENABLE_TESTABILITY = YES;
				GCC_C_LANGUAGE_STANDARD = gnu11;
				GCC_DYNAMIC_NO_PIC = NO;
				GCC_NO_COMMON_BLOCKS = YES;
				GCC_OPTIMIZATION_LEVEL = 0;
				GCC_PREPROCESSOR_DEFINITIONS = (
					"DEBUG=1",
					"$(inherited)",
				);
				GCC_WARN_64_TO_32_BIT_CONVERSION = YES;
				GCC_WARN_ABOUT_RETURN_TYPE = YES_ERROR;
				GCC_WARN_UNDECLARED_SELECTOR = YES;
				GCC_WARN_UNINITIALIZED_AUTOS = YES_AGGRESSIVE;
				GCC_WARN_UNUSED_FUNCTION = YES;
				GCC_WARN_UNUSED_VARIABLE = YES;
				IPHONEOS_DEPLOYMENT_TARGET = 13.0;
				MTL_ENABLE_DEBUG_INFO = INCLUDE_SOURCE;
				MTL_FAST_MATH = YES;
				ONLY_ACTIVE_ARCH = YES;
				SDKROOT = iphoneos;
				SWIFT_ACTIVE_COMPILATION_CONDITIONS = DEBUG;
				SWIFT_OPTIMIZATION_LEVEL = "-Onone";
			};
			name = Debug;
		};
		5986D51D22B3A06A00688AAC /* Release */ = {
			isa = XCBuildConfiguration;
			buildSettings = {
				ALWAYS_SEARCH_USER_PATHS = NO;
				CLANG_ANALYZER_NONNULL = YES;
				CLANG_ANALYZER_NUMBER_OBJECT_CONVERSION = YES_AGGRESSIVE;
				CLANG_CXX_LANGUAGE_STANDARD = "gnu++14";
				CLANG_CXX_LIBRARY = "libc++";
				CLANG_ENABLE_MODULES = YES;
				CLANG_ENABLE_OBJC_ARC = YES;
				CLANG_ENABLE_OBJC_WEAK = YES;
				CLANG_WARN_BLOCK_CAPTURE_AUTORELEASING = YES;
				CLANG_WARN_BOOL_CONVERSION = YES;
				CLANG_WARN_COMMA = YES;
				CLANG_WARN_CONSTANT_CONVERSION = YES;
				CLANG_WARN_DEPRECATED_OBJC_IMPLEMENTATIONS = YES;
				CLANG_WARN_DIRECT_OBJC_ISA_USAGE = YES_ERROR;
				CLANG_WARN_DOCUMENTATION_COMMENTS = YES;
				CLANG_WARN_EMPTY_BODY = YES;
				CLANG_WARN_ENUM_CONVERSION = YES;
				CLANG_WARN_INFINITE_RECURSION = YES;
				CLANG_WARN_INT_CONVERSION = YES;
				CLANG_WARN_NON_LITERAL_NULL_CONVERSION = YES;
				CLANG_WARN_OBJC_IMPLICIT_RETAIN_SELF = YES;
				CLANG_WARN_OBJC_LITERAL_CONVERSION = YES;
				CLANG_WARN_OBJC_ROOT_CLASS = YES_ERROR;
				CLANG_WARN_RANGE_LOOP_ANALYSIS = YES;
				CLANG_WARN_STRICT_PROTOTYPES = YES;
				CLANG_WARN_SUSPICIOUS_MOVE = YES;
				CLANG_WARN_UNGUARDED_AVAILABILITY = YES_AGGRESSIVE;
				CLANG_WARN_UNREACHABLE_CODE = YES;
				CLANG_WARN__DUPLICATE_METHOD_MATCH = YES;
				COPY_PHASE_STRIP = NO;
				DEBUG_INFORMATION_FORMAT = "dwarf-with-dsym";
				ENABLE_NS_ASSERTIONS = NO;
				ENABLE_STRICT_OBJC_MSGSEND = YES;
				GCC_C_LANGUAGE_STANDARD = gnu11;
				GCC_NO_COMMON_BLOCKS = YES;
				GCC_WARN_64_TO_32_BIT_CONVERSION = YES;
				GCC_WARN_ABOUT_RETURN_TYPE = YES_ERROR;
				GCC_WARN_UNDECLARED_SELECTOR = YES;
				GCC_WARN_UNINITIALIZED_AUTOS = YES_AGGRESSIVE;
				GCC_WARN_UNUSED_FUNCTION = YES;
				GCC_WARN_UNUSED_VARIABLE = YES;
				IPHONEOS_DEPLOYMENT_TARGET = 13.0;
				MTL_ENABLE_DEBUG_INFO = NO;
				MTL_FAST_MATH = YES;
				SDKROOT = iphoneos;
				SWIFT_COMPILATION_MODE = wholemodule;
				SWIFT_OPTIMIZATION_LEVEL = "-O";
				VALIDATE_PRODUCT = YES;
			};
			name = Release;
		};
		5986D51F22B3A06A00688AAC /* Debug */ = {
			isa = XCBuildConfiguration;
			buildSettings = {
				ASSETCATALOG_COMPILER_APPICON_NAME = AppIcon;
				CODE_SIGN_STYLE = Automatic;
				DEVELOPMENT_ASSET_PATHS = "FBGroupSwiftUI/Preview\\ Content";
				DEVELOPMENT_TEAM = A73X7T2VMV;
				ENABLE_PREVIEWS = YES;
				INFOPLIST_FILE = FBGroupSwiftUI/Info.plist;
				LD_RUNPATH_SEARCH_PATHS = (
					"$(inherited)",
					"@executable_path/Frameworks",
				);
				PRODUCT_BUNDLE_IDENTIFIER = com.iGatiTech.FBGroupSwiftUI;
				PRODUCT_NAME = "$(TARGET_NAME)";
				SWIFT_VERSION = 5.0;
				TARGETED_DEVICE_FAMILY = "1,2";
			};
			name = Debug;
		};
		5986D52022B3A06A00688AAC /* Release */ = {
			isa = XCBuildConfiguration;
			buildSettings = {
				ASSETCATALOG_COMPILER_APPICON_NAME = AppIcon;
				CODE_SIGN_STYLE = Automatic;
				DEVELOPMENT_ASSET_PATHS = "FBGroupSwiftUI/Preview\\ Content";
				DEVELOPMENT_TEAM = A73X7T2VMV;
				ENABLE_PREVIEWS = YES;
				INFOPLIST_FILE = FBGroupSwiftUI/Info.plist;
				LD_RUNPATH_SEARCH_PATHS = (
					"$(inherited)",
					"@executable_path/Frameworks",
				);
				PRODUCT_BUNDLE_IDENTIFIER = com.iGatiTech.FBGroupSwiftUI;
				PRODUCT_NAME = "$(TARGET_NAME)";
				SWIFT_VERSION = 5.0;
				TARGETED_DEVICE_FAMILY = "1,2";
			};
			name = Release;
		};
/* End XCBuildConfiguration section */

/* Begin XCConfigurationList section */
		5986D50522B3A06300688AAC /* Build configuration list for PBXProject "FBGroupSwiftUI" */ = {
			isa = XCConfigurationList;
			buildConfigurations = (
				5986D51C22B3A06A00688AAC /* Debug */,
				5986D51D22B3A06A00688AAC /* Release */,
			);
			defaultConfigurationIsVisible = 0;
			defaultConfigurationName = Release;
		};
		5986D51E22B3A06A00688AAC /* Build configuration list for PBXNativeTarget "FBGroupSwiftUI" */ = {
			isa = XCConfigurationList;
			buildConfigurations = (
				5986D51F22B3A06A00688AAC /* Debug */,
				5986D52022B3A06A00688AAC /* Release */,
			);
			defaultConfigurationIsVisible = 0;
			defaultConfigurationName = Release;
		};
/* End XCConfigurationList section */
	};
	rootObject = 5986D50222B3A06300688AAC /* Project object */;
}
